
Microsoft Visual Studio Solution File, Format Version 12.00
# Visual Studio Version 18
VisualStudioVersion = 18.7.11903.348 stable
MinimumVisualStudioVersion = 10.0.40219.1
Project("{FAE04EC0-301F-11D3-BF4B-00C04F79EFBC}") = "MCPM", "MCPM\MCPM.csproj", "{D5B4E9F4-1B2B-441B-B10C-E6556EC915A9}"
EndProject
Project("{FAE04EC0-301F-11D3-BF4B-00C04F79EFBC}") = "MCPM.Generator", "MCPM.Generator\MCPM.Generator.csproj", "{0956CB06-A1C9-4F6A-8002-1C57CE84BFF0}"
EndProject
Global
	GlobalSection(SolutionConfigurationPlatforms) = preSolution
		Debug|Any CPU = Debug|Any CPU
		Release|Any CPU = Release|Any CPU
	EndGlobalSection
	GlobalSection(ProjectConfigurationPlatforms) = postSolution
		{D5B4E9F4-1B2B-441B-B10C-E6556EC915A9}.Debug|Any CPU.ActiveCfg = Debug|Any CPU
		{D5B4E9F4-1B2B-441B-B10C-E6556EC915A9}.Debug|Any CPU.Build.0 = Debug|Any CPU
		{D5B4E9F4-1B2B-441B-B10C-E6556EC915A9}.Release|Any CPU.ActiveCfg = Release|Any CPU
		{D5B4E9F4-1B2B-441B-B10C-E6556EC915A9}.Release|Any CPU.Build.0 = Release|Any CPU
		{0956CB06-A1C9-4F6A-8002-1C57CE84BFF0}.Debug|Any CPU.ActiveCfg = Debug|Any CPU
		{0956CB06-A1C9-4F6A-8002-1C57CE84BFF0}.Debug|Any CPU.Build.0 = Debug|Any CPU
		{0956CB06-A1C9-4F6A-8002-1C57CE84BFF0}.Release|Any CPU.ActiveCfg = Release|Any CPU
		{0956CB06-A1C9-4F6A-8002-1C57CE84BFF0}.Release|Any CPU.Build.0 = Release|Any CPU
	EndGlobalSection
	GlobalSection(SolutionProperties) = preSolution
		HideSolutionNode = FALSE
	EndGlobalSection
	GlobalSection(ExtensibilityGlobals) = postSolution
		SolutionGuid = {2AC67AAB-0AD9-4A47-A8A1-1BB42C100A33}
	EndGlobalSection
EndGlobal
